
Microsoft Visual Studio Solution File, Format Version 12.00
# Visual Studio Version 16
VisualStudioVersion = 16.0.32630.194
MinimumVisualStudioVersion = 10.0.40219.1
Project("{FAE04EC0-301F-11D3-BF4B-00C04F79EFBC}") = "HomeWorkFund1CSharpEx1", "HomeWorkFund1CSharpEx1.csproj", "{9FAB5B09-8661-48D9-8F76-9E56E913913C}"
EndProject
Project("{FAE04EC0-301F-11D3-BF4B-00C04F79EFBC}") = "HomeWorkFund1CSharpEx2", "..\HomeWorkFund1CSharpEx2\HomeWorkFund1CSharpEx2.csproj", "{459B284E-3D86-4E27-A925-0BCB02B993A8}"
EndProject
Project("{FAE04EC0-301F-11D3-BF4B-00C04F79EFBC}") = "HomeWorkFund1CSharpEx3", "..\HomeWorkFund1CSharpEx3\HomeWorkFund1CSharpEx3.csproj", "{8513E696-9673-4349-B44A-7F4D0005AC91}"
EndProject
Project("{FAE04EC0-301F-11D3-BF4B-00C04F79EFBC}") = "HomeWorkFund1CSharpEx4", "..\HomeWorkFund1CSharpEx4\HomeWorkFund1CSharpEx4.csproj", "{35F40A4B-2FEE-459C-8BA0-4884AB3A1A33}"
EndProject
Project("{FAE04EC0-301F-11D3-BF4B-00C04F79EFBC}") = "HomeWorkFund1CSharpEx5", "..\HomeWorkFund1CSharpEx5\HomeWorkFund1CSharpEx5.csproj", "{37E89337-5808-4C18-B586-D5B177DA2FEC}"
EndProject
Project("{FAE04EC0-301F-11D3-BF4B-00C04F79EFBC}") = "HomeWorkFund1CSharpEx6", "..\HomeWorkFund1CSharpEx6\HomeWorkFund1CSharpEx6.csproj", "{A6B31D18-4B8B-4BDF-8B10-AE5677CF491F}"
EndProject
Project("{FAE04EC0-301F-11D3-BF4B-00C04F79EFBC}") = "HomeWorkFund1CSharpEx7", "..\HomeWorkFund1CSharpEx7\HomeWorkFund1CSharpEx7.csproj", "{70D1B0E2-27F5-4870-886D-0ACC123B4234}"
EndProject
Project("{FAE04EC0-301F-11D3-BF4B-00C04F79EFBC}") = "HomeWorkFund1CSharpEx8", "..\HomeWorkFund1CSharpEx8\HomeWorkFund1CSharpEx8.csproj", "{BA6874DD-9B5B-4134-A7E2-6A1149565530}"
EndProject
Project("{FAE04EC0-301F-11D3-BF4B-00C04F79EFBC}") = "HomeWorkFund1CSharpEx9", "..\HomeWorkFund1CSharpEx9\HomeWorkFund1CSharpEx9.csproj", "{B1897BF1-34B1-474B-9CEE-E7BD1CCABD5F}"
EndProject
Project("{FAE04EC0-301F-11D3-BF4B-00C04F79EFBC}") = "HomeWorkFund1CSharpEx10", "..\HomeWorkFund1CSharpEx10\HomeWorkFund1CSharpEx10.csproj", "{5C5B7214-3ABE-4496-8614-2C1ED27E632E}"
EndProject
Project("{FAE04EC0-301F-11D3-BF4B-00C04F79EFBC}") = "HomeWorkFund1CSharpEx11", "..\HomeWorkFund1CSharpEx11\HomeWorkFund1CSharpEx11.csproj", "{12AA8991-367D-45C6-BA83-9908147DD788}"
EndProject
Project("{FAE04EC0-301F-11D3-BF4B-00C04F79EFBC}") = "HomeWorkFund1CSharpEx12", "..\HomeWorkFund1CSharpEx12\HomeWorkFund1CSharpEx12.csproj", "{02632A4B-1119-48CE-9DE0-721B5A87A542}"
EndProject
Project("{FAE04EC0-301F-11D3-BF4B-00C04F79EFBC}") = "HomeWorkFund1CSharpEx13", "..\HomeWorkFund1CSharpEx13\HomeWorkFund1CSharpEx13.csproj", "{CBAC8221-F371-40DF-A021-8D77D857D9C2}"
EndProject
Global
	GlobalSection(SolutionConfigurationPlatforms) = preSolution
		Debug|Any CPU = Debug|Any CPU
		Release|Any CPU = Release|Any CPU
	EndGlobalSection
	GlobalSection(ProjectConfigurationPlatforms) = postSolution
		{9FAB5B09-8661-48D9-8F76-9E56E913913C}.Debug|Any CPU.ActiveCfg = Debug|Any CPU
		{9FAB5B09-8661-48D9-8F76-9E56E913913C}.Debug|Any CPU.Build.0 = Debug|Any CPU
		{9FAB5B09-8661-48D9-8F76-9E56E913913C}.Release|Any CPU.ActiveCfg = Release|Any CPU
		{9FAB5B09-8661-48D9-8F76-9E56E913913C}.Release|Any CPU.Build.0 = Release|Any CPU
		{459B284E-3D86-4E27-A925-0BCB02B993A8}.Debug|Any CPU.ActiveCfg = Debug|Any CPU
		{459B284E-3D86-4E27-A925-0BCB02B993A8}.Debug|Any CPU.Build.0 = Debug|Any CPU
		{459B284E-3D86-4E27-A925-0BCB02B993A8}.Release|Any CPU.ActiveCfg = Release|Any CPU
		{459B284E-3D86-4E27-A925-0BCB02B993A8}.Release|Any CPU.Build.0 = Release|Any CPU
		{8513E696-9673-4349-B44A-7F4D0005AC91}.Debug|Any CPU.ActiveCfg = Debug|Any CPU
		{8513E696-9673-4349-B44A-7F4D0005AC91}.Debug|Any CPU.Build.0 = Debug|Any CPU
		{8513E696-9673-4349-B44A-7F4D0005AC91}.Release|Any CPU.ActiveCfg = Release|Any CPU
		{8513E696-9673-4349-B44A-7F4D0005AC91}.Release|Any CPU.Build.0 = Release|Any CPU
		{35F40A4B-2FEE-459C-8BA0-4884AB3A1A33}.Debug|Any CPU.ActiveCfg = Debug|Any CPU
		{35F40A4B-2FEE-459C-8BA0-4884AB3A1A33}.Debug|Any CPU.Build.0 = Debug|Any CPU
		{35F40A4B-2FEE-459C-8BA0-4884AB3A1A33}.Release|Any CPU.ActiveCfg = Release|Any CPU
		{35F40A4B-2FEE-459C-8BA0-4884AB3A1A33}.Release|Any CPU.Build.0 = Release|Any CPU
		{37E89337-5808-4C18-B586-D5B177DA2FEC}.Debug|Any CPU.ActiveCfg = Debug|Any CPU
		{37E89337-5808-4C18-B586-D5B177DA2FEC}.Debug|Any CPU.Build.0 = Debug|Any CPU
		{37E89337-5808-4C18-B586-D5B177DA2FEC}.Release|Any CPU.ActiveCfg = Release|Any CPU
		{37E89337-5808-4C18-B586-D5B177DA2FEC}.Release|Any CPU.Build.0 = Release|Any CPU
		{A6B31D18-4B8B-4BDF-8B10-AE5677CF491F}.Debug|Any CPU.ActiveCfg = Debug|Any CPU
		{A6B31D18-4B8B-4BDF-8B10-AE5677CF491F}.Debug|Any CPU.Build.0 = Debug|Any CPU
		{A6B31D18-4B8B-4BDF-8B10-AE5677CF491F}.Release|Any CPU.ActiveCfg = Release|Any CPU
		{A6B31D18-4B8B-4BDF-8B10-AE5677CF491F}.Release|Any CPU.Build.0 = Release|Any CPU
		{70D1B0E2-27F5-4870-886D-0ACC123B4234}.Debug|Any CPU.ActiveCfg = Debug|Any CPU
		{70D1B0E2-27F5-4870-886D-0ACC123B4234}.Debug|Any CPU.Build.0 = Debug|Any CPU
		{70D1B0E2-27F5-4870-886D-0ACC123B4234}.Release|Any CPU.ActiveCfg = Release|Any CPU
		{70D1B0E2-27F5-4870-886D-0ACC123B4234}.Release|Any CPU.Build.0 = Release|Any CPU
		{BA6874DD-9B5B-4134-A7E2-6A1149565530}.Debug|Any CPU.ActiveCfg = Debug|Any CPU
		{BA6874DD-9B5B-4134-A7E2-6A1149565530}.Debug|Any CPU.Build.0 = Debug|Any CPU
		{BA6874DD-9B5B-4134-A7E2-6A1149565530}.Release|Any CPU.ActiveCfg = Release|Any CPU
		{BA6874DD-9B5B-4134-A7E2-6A1149565530}.Release|Any CPU.Build.0 = Release|Any CPU
		{B1897BF1-34B1-474B-9CEE-E7BD1CCABD5F}.Debug|Any CPU.ActiveCfg = Debug|Any CPU
		{B1897BF1-34B1-474B-9CEE-E7BD1CCABD5F}.Debug|Any CPU.Build.0 = Debug|Any CPU
		{B1897BF1-34B1-474B-9CEE-E7BD1CCABD5F}.Release|Any CPU.ActiveCfg = Release|Any CPU
		{B1897BF1-34B1-474B-9CEE-E7BD1CCABD5F}.Release|Any CPU.Build.0 = Release|Any CPU
		{5C5B7214-3ABE-4496-8614-2C1ED27E632E}.Debug|Any CPU.ActiveCfg = Debug|Any CPU
		{5C5B7214-3ABE-4496-8614-2C1ED27E632E}.Debug|Any CPU.Build.0 = Debug|Any CPU
		{5C5B7214-3ABE-4496-8614-2C1ED27E632E}.Release|Any CPU.ActiveCfg = Release|Any CPU
		{5C5B7214-3ABE-4496-8614-2C1ED27E632E}.Release|Any CPU.Build.0 = Release|Any CPU
		{12AA8991-367D-45C6-BA83-9908147DD788}.Debug|Any CPU.ActiveCfg = Debug|Any CPU
		{12AA8991-367D-45C6-BA83-9908147DD788}.Debug|Any CPU.Build.0 = Debug|Any CPU
		{12AA8991-367D-45C6-BA83-9908147DD788}.Release|Any CPU.ActiveCfg = Release|Any CPU
		{12AA8991-367D-45C6-BA83-9908147DD788}.Release|Any CPU.Build.0 = Release|Any CPU
		{02632A4B-1119-48CE-9DE0-721B5A87A542}.Debug|Any CPU.ActiveCfg = Debug|Any CPU
		{02632A4B-1119-48CE-9DE0-721B5A87A542}.Debug|Any CPU.Build.0 = Debug|Any CPU
		{02632A4B-1119-48CE-9DE0-721B5A87A542}.Release|Any CPU.ActiveCfg = Release|Any CPU
		{02632A4B-1119-48CE-9DE0-721B5A87A542}.Release|Any CPU.Build.0 = Release|Any CPU
		{CBAC8221-F371-40DF-A021-8D77D857D9C2}.Debug|Any CPU.ActiveCfg = Debug|Any CPU
		{CBAC8221-F371-40DF-A021-8D77D857D9C2}.Debug|Any CPU.Build.0 = Debug|Any CPU
		{CBAC8221-F371-40DF-A021-8D77D857D9C2}.Release|Any CPU.ActiveCfg = Release|Any CPU
		{CBAC8221-F371-40DF-A021-8D77D857D9C2}.Release|Any CPU.Build.0 = Release|Any CPU
	EndGlobalSection
	GlobalSection(SolutionProperties) = preSolution
		HideSolutionNode = FALSE
	EndGlobalSection
	GlobalSection(ExtensibilityGlobals) = postSolution
		SolutionGuid = {35DE0A70-12E2-4E37-BF0B-320860980D6C}
	EndGlobalSection
EndGlobal
